PODS:
  - Flutter (1.0.0)
  - SwiftAudio (0.11.2)

DEPENDENCIES:
  - Flutter (from `Pods/.symlinks/flutter/ios`)
  - SwiftAudio (~> 0.11.2)

SPEC REPOS:
  trunk:
    - SwiftAudio

EXTERNAL SOURCES:
  Flutter:
    :path: Pods/.symlinks/flutter/ios

SPEC CHECKSUMS:
  Flutter: 0e3d915762c693b495b44d77113d4970485de6ec
  SwiftAudio: 217f5f184b27a0e25ff0fe7647021f05a21c06c9

PODFILE CHECKSUM: 8eca20324fa88b02e8adb0c97056e59a5b733e3b

COCOAPODS: 1.8.4
